
Microsoft Visual Studio Solution File, Format Version 12.00
# Visual Studio 2013
Project("{8BC9CEB8-8B4A-11D0-8D11-00A0C91BC942}") = "L06_Instancing", "L06_Instancing.vcxproj", "{713D8346-EAF2-483F-A811-9F8E8812F2F2}"
EndProject
Global
	GlobalSection(SolutionConfigurationPlatforms) = preSolution
		Debug|x64 = Debug|x64
		Release|x64 = Release|x64
	EndGlobalSection
	GlobalSection(ProjectConfigurationPlatforms) = postSolution
		{713D8346-EAF2-483F-A811-9F8E8812F2F2}.Debug|x64.ActiveCfg = Debug|x64
		{713D8346-EAF2-483F-A811-9F8E8812F2F2}.Debug|x64.Build.0 = Debug|x64
		{713D8346-EAF2-483F-A811-9F8E8812F2F2}.Release|x64.ActiveCfg = Release|x64
		{713D8346-EAF2-483F-A811-9F8E8812F2F2}.Release|x64.Build.0 = Release|x64
	EndGlobalSection
	GlobalSection(SolutionProperties) = preSolution
		HideSolutionNode = FALSE
	EndGlobalSection
EndGlobal
