
Microsoft Visual Studio Solution File, Format Version 12.00
# Visual Studio 2013
Project("{8BC9CEB8-8B4A-11D0-8D11-00A0C91BC942}") = "L08_Motion_II", "L08_Motion_II.vcxproj", "{F6D3A8CA-1F98-4777-A9F6-0AC6847857D8}"
EndProject
Global
	GlobalSection(SolutionConfigurationPlatforms) = preSolution
		Debug|x64 = Debug|x64
		Release|x64 = Release|x64
	EndGlobalSection
	GlobalSection(ProjectConfigurationPlatforms) = postSolution
		{F6D3A8CA-1F98-4777-A9F6-0AC6847857D8}.Debug|x64.ActiveCfg = Debug|x64
		{F6D3A8CA-1F98-4777-A9F6-0AC6847857D8}.Debug|x64.Build.0 = Debug|x64
		{F6D3A8CA-1F98-4777-A9F6-0AC6847857D8}.Release|x64.ActiveCfg = Release|x64
		{F6D3A8CA-1F98-4777-A9F6-0AC6847857D8}.Release|x64.Build.0 = Release|x64
	EndGlobalSection
	GlobalSection(SolutionProperties) = preSolution
		HideSolutionNode = FALSE
	EndGlobalSection
EndGlobal
